<?xml version="1.0" encoding="utf-8"?>
<Project ToolsVersion="4.0" xmlns="http://schemas.microsoft.com/developer/msbuild/2003">
  <ItemGroup>
    <Filter Include="Resources">
      <UniqueIdentifier>{bdd1600b-f277-467b-8323-4e69e45ad94e}</UniqueIdentifier>
    </Filter>
    <Filter Include="RAFX Core">
      <UniqueIdentifier>{cc552606-0f06-4685-aca1-d8e52da857fb}</UniqueIdentifier>
    </Filter>
    <Filter Include="Synth Core">
      <UniqueIdentifier>{78a57707-438b-40bb-b593-2474abceacef}</UniqueIdentifier>
    </Filter>
  </ItemGroup>
  <ItemGroup>
    <ClCompile Include="plugin.cpp">
      <Filter>RAFX Core</Filter>
    </ClCompile>
    <ClCompile Include="pluginobjects.cpp">
      <Filter>RAFX Core</Filter>
    </ClCompile>
    <ClCompile Include="RackAFXDLL.cpp">
      <Filter>RAFX Core</Filter>
    </ClCompile>
    <ClCompile Include="DCA.cpp">
      <Filter>Synth Core</Filter>
    </ClCompile>
    <ClCompile Include="EnvelopeGenerator.cpp">
      <Filter>Synth Core</Filter>
    </ClCompile>
    <ClCompile Include="Filter.cpp">
      <Filter>Synth Core</Filter>
    </ClCompile>
    <ClCompile Include="LFO.cpp">
      <Filter>Synth Core</Filter>
    </ClCompile>
    <ClCompile Include="ModulationMatrix.cpp">
      <Filter>Synth Core</Filter>
    </ClCompile>
    <ClCompile Include="MoogLadderFilter.cpp">
      <Filter>Synth Core</Filter>
    </ClCompile>
    <ClCompile Include="Oscillator.cpp">
      <Filter>Synth Core</Filter>
    </ClCompile>
    <ClCompile Include="QBLimitedOscillator.cpp">
      <Filter>Synth Core</Filter>
    </ClCompile>
    <ClCompile Include="VAOnePoleFilter.cpp">
      <Filter>Synth Core</Filter>
    </ClCompile>
    <ClCompile Include="VectorPathGenerator.cpp">
      <Filter>Synth Core</Filter>
    </ClCompile>
    <ClCompile Include="VectorSynth.cpp">
      <Filter>Synth Core</Filter>
    </ClCompile>
    <ClCompile Include="VectorSynthVoice.cpp">
      <Filter>Synth Core</Filter>
    </ClCompile>
    <ClCompile Include="Voice.cpp">
      <Filter>Synth Core</Filter>
    </ClCompile>
    <ClCompile Include="DigiSynthVoice.cpp">
      <Filter>Synth Core</Filter>
    </ClCompile>
    <ClCompile Include="SampleOscillator.cpp">
      <Filter>Synth Core</Filter>
    </ClCompile>
    <ClCompile Include="SEMFilter.cpp">
      <Filter>Synth Core</Filter>
    </ClCompile>
    <ClCompile Include="KThreeFiveFilter.cpp">
      <Filter>Synth Core</Filter>
    </ClCompile>
    <ClCompile Include="DiodeLadderFilter.cpp">
      <Filter>Synth Core</Filter>
    </ClCompile>
    <ClCompile Include="WTOscillator.cpp">
      <Filter>Synth Core</Filter>
    </ClCompile>
    <ClCompile Include="GrayMatter.cpp">
      <Filter>RAFX Core</Filter>
    </ClCompile>
  </ItemGroup>
  <ItemGroup>
    <ClInclude Include="plugin.h">
      <Filter>RAFX Core</Filter>
    </ClInclude>
    <ClInclude Include="pluginconstants.h">
      <Filter>RAFX Core</Filter>
    </ClInclude>
    <ClInclude Include="RackAFXDLL.h">
      <Filter>RAFX Core</Filter>
    </ClInclude>
    <ClInclude Include="resource.h">
      <Filter>Resources</Filter>
    </ClInclude>
    <ClInclude Include="trace.h">
      <Filter>RAFX Core</Filter>
    </ClInclude>
    <ClInclude Include="DCA.h">
      <Filter>Synth Core</Filter>
    </ClInclude>
    <ClInclude Include="EnvelopeGenerator.h">
      <Filter>Synth Core</Filter>
    </ClInclude>
    <ClInclude Include="Filter.h">
      <Filter>Synth Core</Filter>
    </ClInclude>
    <ClInclude Include="LFO.h">
      <Filter>Synth Core</Filter>
    </ClInclude>
    <ClInclude Include="ModulationMatrix.h">
      <Filter>Synth Core</Filter>
    </ClInclude>
    <ClInclude Include="MoogLadderFilter.h">
      <Filter>Synth Core</Filter>
    </ClInclude>
    <ClInclude Include="Oscillator.h">
      <Filter>Synth Core</Filter>
    </ClInclude>
    <ClInclude Include="QBLimitedOscillator.h">
      <Filter>Synth Core</Filter>
    </ClInclude>
    <ClInclude Include="synthfunctions.h">
      <Filter>Synth Core</Filter>
    </ClInclude>
    <ClInclude Include="VAOnePoleFilter.h">
      <Filter>Synth Core</Filter>
    </ClInclude>
    <ClInclude Include="VectorPathGenerator.h">
      <Filter>Synth Core</Filter>
    </ClInclude>
    <ClInclude Include="VectorSynth.h">
      <Filter>Synth Core</Filter>
    </ClInclude>
    <ClInclude Include="VectorSynthVoice.h">
      <Filter>Synth Core</Filter>
    </ClInclude>
    <ClInclude Include="Voice.h">
      <Filter>Synth Core</Filter>
    </ClInclude>
    <ClInclude Include="DigiSynthVoice.h">
      <Filter>Synth Core</Filter>
    </ClInclude>
    <ClInclude Include="SampleOscillator.h">
      <Filter>Synth Core</Filter>
    </ClInclude>
    <ClInclude Include="SEMFilter.h">
      <Filter>Synth Core</Filter>
    </ClInclude>
    <ClInclude Include="KThreeFiveFilter.h">
      <Filter>Synth Core</Filter>
    </ClInclude>
    <ClInclude Include="DiodeLadderFilter.h">
      <Filter>Synth Core</Filter>
    </ClInclude>
    <ClInclude Include="WTOscillator.h">
      <Filter>Synth Core</Filter>
    </ClInclude>
    <ClInclude Include="GrayMatter.h">
      <Filter>RAFX Core</Filter>
    </ClInclude>
  </ItemGroup>
  <ItemGroup>
    <Image Include="resources\knobvst.png">
      <Filter>Resources</Filter>
    </Image>
  </ItemGroup>
  <ItemGroup>
    <ResourceCompile Include="NanoSynth.rc">
      <Filter>Resources</Filter>
    </ResourceCompile>
  </ItemGroup>
  <ItemGroup>
    <None Include="RackAFX.uidesc">
      <Filter>Resources</Filter>
    </None>
  </ItemGroup>
</Project>