<?xml version="1.0" encoding="utf-8"?>
<Project ToolsVersion="4.0" xmlns="http://schemas.microsoft.com/developer/msbuild/2003">
  <ItemGroup>
    <Filter Include="RAFX Core">
      <UniqueIdentifier>{a84ae184-10d5-4466-98f1-906a595405f7}</UniqueIdentifier>
    </Filter>
    <Filter Include="Synth Core">
      <UniqueIdentifier>{02fa968d-2fb9-4d25-9c10-fa504bbf8137}</UniqueIdentifier>
    </Filter>
  </ItemGroup>
  <ItemGroup>
    <ClCompile Include="DXSynth.cpp">
      <Filter>RAFX Core</Filter>
    </ClCompile>
    <ClCompile Include="plugin.cpp">
      <Filter>RAFX Core</Filter>
    </ClCompile>
    <ClCompile Include="pluginobjects.cpp">
      <Filter>RAFX Core</Filter>
    </ClCompile>
    <ClCompile Include="RackAFXDLL.cpp">
      <Filter>RAFX Core</Filter>
    </ClCompile>
    <ClCompile Include="DCA.cpp">
      <Filter>Synth Core</Filter>
    </ClCompile>
    <ClCompile Include="DXSynthVoice.cpp">
      <Filter>Synth Core</Filter>
    </ClCompile>
    <ClCompile Include="EnvelopeGenerator.cpp">
      <Filter>Synth Core</Filter>
    </ClCompile>
    <ClCompile Include="Filter.cpp">
      <Filter>Synth Core</Filter>
    </ClCompile>
    <ClCompile Include="LFO.cpp">
      <Filter>Synth Core</Filter>
    </ClCompile>
    <ClCompile Include="ModulationMatrix.cpp">
      <Filter>Synth Core</Filter>
    </ClCompile>
    <ClCompile Include="Oscillator.cpp">
      <Filter>Synth Core</Filter>
    </ClCompile>
    <ClCompile Include="QBLimitedOscillator.cpp">
      <Filter>Synth Core</Filter>
    </ClCompile>
    <ClCompile Include="Voice.cpp">
      <Filter>Synth Core</Filter>
    </ClCompile>
    <ClCompile Include="WTOscillator.cpp">
      <Filter>Synth Core</Filter>
    </ClCompile>
  </ItemGroup>
  <ItemGroup>
    <ClInclude Include="DXSynth.h">
      <Filter>RAFX Core</Filter>
    </ClInclude>
    <ClInclude Include="plugin.h">
      <Filter>RAFX Core</Filter>
    </ClInclude>
    <ClInclude Include="pluginconstants.h">
      <Filter>RAFX Core</Filter>
    </ClInclude>
    <ClInclude Include="RackAFXDLL.h">
      <Filter>RAFX Core</Filter>
    </ClInclude>
    <ClInclude Include="trace.h">
      <Filter>RAFX Core</Filter>
    </ClInclude>
    <ClInclude Include="DCA.h">
      <Filter>Synth Core</Filter>
    </ClInclude>
    <ClInclude Include="DXSynthVoice.h">
      <Filter>Synth Core</Filter>
    </ClInclude>
    <ClInclude Include="EnvelopeGenerator.h">
      <Filter>Synth Core</Filter>
    </ClInclude>
    <ClInclude Include="Filter.h">
      <Filter>Synth Core</Filter>
    </ClInclude>
    <ClInclude Include="LFO.h">
      <Filter>Synth Core</Filter>
    </ClInclude>
    <ClInclude Include="ModulationMatrix.h">
      <Filter>Synth Core</Filter>
    </ClInclude>
    <ClInclude Include="Oscillator.h">
      <Filter>Synth Core</Filter>
    </ClInclude>
    <ClInclude Include="QBLimitedOscillator.h">
      <Filter>Synth Core</Filter>
    </ClInclude>
    <ClInclude Include="synthfunctions.h">
      <Filter>Synth Core</Filter>
    </ClInclude>
    <ClInclude Include="Voice.h">
      <Filter>Synth Core</Filter>
    </ClInclude>
    <ClInclude Include="WTOscillator.h">
      <Filter>Synth Core</Filter>
    </ClInclude>
  </ItemGroup>
</Project>